
Microsoft Visual Studio Solution File, Format Version 12.00
# Visual Studio Version 17
VisualStudioVersion = 17.5.002.0
MinimumVisualStudioVersion = 10.0.40219.1
Project("{9A19103F-16F7-4668-BE54-9A1E7A4F7556}") = "RazerEmulatorReader.Benchmarks", "RazerEmulatorReader.Benchmarks.csproj", "{3ED84F67-CE0A-4ECF-A0BA-136ACF08D51B}"
EndProject
Project("{2150E333-8FDC-42A3-9474-1A3956D46DE8}") = "bin", "bin", "{E914EA33-36CB-4EDC-B30E-8D40E83F06B1}"
EndProject
Project("{2150E333-8FDC-42A3-9474-1A3956D46DE8}") = "Debug", "Debug", "{3D52A699-5254-46FD-BFE0-D5F17F2BDE7B}"
EndProject
Project("{2150E333-8FDC-42A3-9474-1A3956D46DE8}") = "net7.0", "net7.0", "{830A3F0D-58B9-4CC4-B087-A51B5041682F}"
EndProject
Project("{9A19103F-16F7-4668-BE54-9A1E7A4F7556}") = "BenchmarkDotNet.Autogenerated", "bin\Debug\net7.0\ShortRun\BenchmarkDotNet.Autogenerated.csproj", "{11763C87-7C99-459F-9E1C-6CE5159D5E6D}"
EndProject
Project("{2150E333-8FDC-42A3-9474-1A3956D46DE8}") = "Release", "Release", "{1136258B-BE47-49B5-A2EB-64DEF18AB410}"
EndProject
Project("{2150E333-8FDC-42A3-9474-1A3956D46DE8}") = "net7.0", "net7.0", "{A28F2CEB-C65C-47D3-9549-0034D2C54446}"
EndProject
Project("{9A19103F-16F7-4668-BE54-9A1E7A4F7556}") = "BenchmarkDotNet.Autogenerated", "bin\Release\net7.0\ShortRun\BenchmarkDotNet.Autogenerated.csproj", "{CED91024-113E-41D9-89D9-1F8018EDFC61}"
EndProject
Global
	GlobalSection(SolutionConfigurationPlatforms) = preSolution
		Debug|Any CPU = Debug|Any CPU
		Release|Any CPU = Release|Any CPU
	EndGlobalSection
	GlobalSection(ProjectConfigurationPlatforms) = postSolution
		{3ED84F67-CE0A-4ECF-A0BA-136ACF08D51B}.Debug|Any CPU.ActiveCfg = Debug|Any CPU
		{3ED84F67-CE0A-4ECF-A0BA-136ACF08D51B}.Debug|Any CPU.Build.0 = Debug|Any CPU
		{3ED84F67-CE0A-4ECF-A0BA-136ACF08D51B}.Release|Any CPU.ActiveCfg = Release|Any CPU
		{3ED84F67-CE0A-4ECF-A0BA-136ACF08D51B}.Release|Any CPU.Build.0 = Release|Any CPU
		{11763C87-7C99-459F-9E1C-6CE5159D5E6D}.Debug|Any CPU.ActiveCfg = Debug|Any CPU
		{11763C87-7C99-459F-9E1C-6CE5159D5E6D}.Debug|Any CPU.Build.0 = Debug|Any CPU
		{11763C87-7C99-459F-9E1C-6CE5159D5E6D}.Release|Any CPU.ActiveCfg = Release|Any CPU
		{11763C87-7C99-459F-9E1C-6CE5159D5E6D}.Release|Any CPU.Build.0 = Release|Any CPU
		{CED91024-113E-41D9-89D9-1F8018EDFC61}.Debug|Any CPU.ActiveCfg = Debug|Any CPU
		{CED91024-113E-41D9-89D9-1F8018EDFC61}.Debug|Any CPU.Build.0 = Debug|Any CPU
		{CED91024-113E-41D9-89D9-1F8018EDFC61}.Release|Any CPU.ActiveCfg = Release|Any CPU
		{CED91024-113E-41D9-89D9-1F8018EDFC61}.Release|Any CPU.Build.0 = Release|Any CPU
	EndGlobalSection
	GlobalSection(SolutionProperties) = preSolution
		HideSolutionNode = FALSE
	EndGlobalSection
	GlobalSection(NestedProjects) = preSolution
		{3D52A699-5254-46FD-BFE0-D5F17F2BDE7B} = {E914EA33-36CB-4EDC-B30E-8D40E83F06B1}
		{830A3F0D-58B9-4CC4-B087-A51B5041682F} = {3D52A699-5254-46FD-BFE0-D5F17F2BDE7B}
		{11763C87-7C99-459F-9E1C-6CE5159D5E6D} = {830A3F0D-58B9-4CC4-B087-A51B5041682F}
		{1136258B-BE47-49B5-A2EB-64DEF18AB410} = {E914EA33-36CB-4EDC-B30E-8D40E83F06B1}
		{A28F2CEB-C65C-47D3-9549-0034D2C54446} = {1136258B-BE47-49B5-A2EB-64DEF18AB410}
		{CED91024-113E-41D9-89D9-1F8018EDFC61} = {A28F2CEB-C65C-47D3-9549-0034D2C54446}
	EndGlobalSection
	GlobalSection(ExtensibilityGlobals) = postSolution
		SolutionGuid = {3D47ED48-B754-4546-9964-9BF69CB6203C}
	EndGlobalSection
EndGlobal
